# This file is automatically @generated by Poetry 1.7.1 and should not be changed by hand.

[[package]]
name = "certifi"
version = "2025.8.3"
description = "Python package for providing Mozilla's CA Bundle."
optional = false
python-versions = ">=3.7"
files = [
    {file = "certifi-2025.8.3-py3-none-any.whl", hash = "sha256:f6c12493cfb1b06ba2ff328595af9350c65d6644968e5d3a2ffd78699af217a5"},
    {file = "certifi-2025.8.3.tar.gz", hash = "sha256:e564105f78ded564e3ae7c923924435e1daa7463faeab5bb932bc53ffae63407"},
]

[[package]]
name = "charset-normalizer"
version = "3.4.3"
description = "The Real First Universal Charset Detector. Open, modern and actively maintained alternative to Chardet."
optional = false
python-versions = ">=3.7"
files = [
    {file = "charset_normalizer-3.4.3-cp310-cp310-macosx_10_9_universal2.whl", hash = "sha256:fb7f67a1bfa6e40b438170ebdc8158b78dc465a5a67b6dde178a46987b244a72"},
    {file = "charset_normalizer-3.4.3-cp310-cp310-manylinux2014_aarch64.manylinux_2_17_aarch64.manylinux_2_28_aarch64.whl", hash = "sha256:cc9370a2da1ac13f0153780040f465839e6cccb4a1e44810124b4e22483c93fe"},
    {file = "charset_normalizer-3.4.3-cp310-cp310-manylinux2014_ppc64le.manylinux_2_17_ppc64le.manylinux_2_28_ppc64le.whl", hash = "sha256:07a0eae9e2787b586e129fdcbe1af6997f8d0e5abaa0bc98c0e20e124d67e601"},
    {file = "charset_normalizer-3.4.3-cp310-cp310-manylinux2014_s390x.manylinux_2_17_s390x.manylinux_2_28_s390x.whl", hash = "sha256:74d77e25adda8581ffc1c720f1c81ca082921329452eba58b16233ab1842141c"},
    {file = "charset_normalizer-3.4.3-cp310-cp310-manylinux2014_x86_64.manylinux_2_17_x86_64.manylinux_2_28_x86_64.whl", hash = "sha256:d0e909868420b7049dafd3a31d45125b31143eec59235311fc4c57ea26a4acd2"},
    {file = "charset_normalizer-3.4.3-cp310-cp310-musllinux_1_2_aarch64.whl", hash = "sha256:c6f162aabe9a91a309510d74eeb6507fab5fff92337a15acbe77753d88d9dcf0"},
    {file = "charset_normalizer-3.4.3-cp310-cp310-musllinux_1_2_ppc64le.whl", hash = "sha256:4ca4c094de7771a98d7fbd67d9e5dbf1eb73efa4f744a730437d8a3a5cf994f0"},
    {file = "charset_normalizer-3.4.3-cp310-cp310-musllinux_1_2_s390x.whl", hash = "sha256:02425242e96bcf29a49711b0ca9f37e451da7c70562bc10e8ed992a5a7a25cc0"},
    {file = "charset_normalizer-3.4.3-cp310-cp310-musllinux_1_2_x86_64.whl", hash = "sha256:78deba4d8f9590fe4dae384aeff04082510a709957e968753ff3c48399f6f92a"},
    {file = "charset_normalizer-3.4.3-cp310-cp310-win32.whl", hash = "sha256:d79c198e27580c8e958906f803e63cddb77653731be08851c7df0b1a14a8fc0f"},
    {file = "charset_normalizer-3.4.3-cp310-cp310-win_amd64.whl", hash = "sha256:c6e490913a46fa054e03699c70019ab869e990270597018cef1d8562132c2669"},
    {file = "charset_normalizer-3.4.3-cp311-cp311-macosx_10_9_universal2.whl", hash = "sha256:b256ee2e749283ef3ddcff51a675ff43798d92d746d1a6e4631bf8c707d22d0b"},
    {file = "charset_normalizer-3.4.3-cp311-cp311-manylinux2014_aarch64.manylinux_2_17_aarch64.manylinux_2_28_aarch64.whl", hash = "sha256:13faeacfe61784e2559e690fc53fa4c5ae97c6fcedb8eb6fb8d0a15b475d2c64"},
    {file = "charset_normalizer-3.4.3-cp311-cp311-manylinux2014_ppc64le.manylinux_2_17_ppc64le.manylinux_2_28_ppc64le.whl", hash = "sha256:00237675befef519d9af72169d8604a067d92755e84fe76492fef5441db05b91"},
    {file = "charset_normalizer-3.4.3-cp311-cp311-manylinux2014_s390x.manylinux_2_17_s390x.manylinux_2_28_s390x.whl", hash = "sha256:585f3b2a80fbd26b048a0be90c5aae8f06605d3c92615911c3a2b03a8a3b796f"},
    {file = "charset_normalizer-3.4.3-cp311-cp311-manylinux2014_x86_64.manylinux_2_17_x86_64.manylinux_2_28_x86_64.whl", hash = "sha256:0e78314bdc32fa80696f72fa16dc61168fda4d6a0c014e0380f9d02f0e5d8a07"},
    {file = "charset_normalizer-3.4.3-cp311-cp311-musllinux_1_2_aarch64.whl", hash = "sha256:96b2b3d1a83ad55310de8c7b4a2d04d9277d5591f40761274856635acc5fcb30"},
    {file = "charset_normalizer-3.4.3-cp311-cp311-musllinux_1_2_ppc64le.whl", hash = "sha256:939578d9d8fd4299220161fdd76e86c6a251987476f5243e8864a7844476ba14"},
    {file = "charset_normalizer-3.4.3-cp311-cp311-musllinux_1_2_s390x.whl", hash = "sha256:fd10de089bcdcd1be95a2f73dbe6254798ec1bda9f450d5828c96f93e2536b9c"},
    {file = "charset_normalizer-3.4.3-cp311-cp311-musllinux_1_2_x86_64.whl", hash = "sha256:1e8ac75d72fa3775e0b7cb7e4629cec13b7514d928d15ef8ea06bca03ef01cae"},
    {file = "charset_normalizer-3.4.3-cp311-cp311-win32.whl", hash = "sha256:6cf8fd4c04756b6b60146d98cd8a77d0cdae0e1ca20329da2ac85eed779b6849"},
    {file = "charset_normalizer-3.4.3-cp311-cp311-win_amd64.whl", hash = "sha256:31a9a6f775f9bcd865d88ee350f0ffb0e25936a7f930ca98995c05abf1faf21c"},
    {file = "charset_normalizer-3.4.3-cp312-cp312-macosx_10_13_universal2.whl", hash = "sha256:e28e334d3ff134e88989d90ba04b47d84382a828c061d0d1027b1b12a62b39b1"},
    {file = "charset_normalizer-3.4.3-cp312-cp312-manylinux2014_aarch64.manylinux_2_17_aarch64.manylinux_2_28_aarch64.whl", hash = "sha256:0cacf8f7297b0c4fcb74227692ca46b4a5852f8f4f24b3c766dd94a1075c4884"},
    {file = "charset_normalizer-3.4.3-cp312-cp312-manylinux2014_ppc64le.manylinux_2_17_ppc64le.manylinux_2_28_ppc64le.whl", hash = "sha256:c6fd51128a41297f5409deab284fecbe5305ebd7e5a1f959bee1c054622b7018"},
    {file = "charset_normalizer-3.4.3-cp312-cp312-manylinux2014_s390x.manylinux_2_17_s390x.manylinux_2_28_s390x.whl", hash = "sha256:3cfb2aad70f2c6debfbcb717f23b7eb55febc0bb23dcffc0f076009da10c6392"},
    {file = "charset_normalizer-3.4.3-cp312-cp312-manylinux2014_x86_64.manylinux_2_17_x86_64.manylinux_2_28_x86_64.whl", hash = "sha256:1606f4a55c0fd363d754049cdf400175ee96c992b1f8018b993941f221221c5f"},
    {file = "charset_normalizer-3.4.3-cp312-cp312-musllinux_1_2_aarch64.whl", hash = "sha256:027b776c26d38b7f15b26a5da1044f376455fb3766df8fc38563b4efbc515154"},
    {file = "charset_normalizer-3.4.3-cp312-cp312-musllinux_1_2_ppc64le.whl", hash = "sha256:42e5088973e56e31e4fa58eb6bd709e42fc03799c11c42929592889a2e54c491"},
    {file = "charset_normalizer-3.4.3-cp312-cp312-musllinux_1_2_s390x.whl", hash = "sha256:cc34f233c9e71701040d772aa7490318673aa7164a0efe3172b2981218c26d93"},
    {file = "charset_normalizer-3.4.3-cp312-cp312-musllinux_1_2_x86_64.whl", hash = "sha256:320e8e66157cc4e247d9ddca8e21f427efc7a04bbd0ac8a9faf56583fa543f9f"},
    {file = "charset_normalizer-3.4.3-cp312-cp312-win32.whl", hash = "sha256:fb6fecfd65564f208cbf0fba07f107fb661bcd1a7c389edbced3f7a493f70e37"},
    {file = "charset_normalizer-3.4.3-cp312-cp312-win_amd64.whl", hash = "sha256:86df271bf921c2ee3818f0522e9a5b8092ca2ad8b065ece5d7d9d0e9f4849bcc"},
    {file = "charset_normalizer-3.4.3-cp313-cp313-macosx_10_13_universal2.whl", hash = "sha256:14c2a87c65b351109f6abfc424cab3927b3bdece6f706e4d12faaf3d52ee5efe"},
    {file = "charset_normalizer-3.4.3-cp313-cp313-manylinux2014_aarch64.manylinux_2_17_aarch64.manylinux_2_28_aarch64.whl", hash = "sha256:41d1fc408ff5fdfb910200ec0e74abc40387bccb3252f3f27c0676731df2b2c8"},
    {file = "charset_normalizer-3.4.3-cp313-cp313-manylinux2014_ppc64le.manylinux_2_17_ppc64le.manylinux_2_28_ppc64le.whl", hash = "sha256:1bb60174149316da1c35fa5233681f7c0f9f514509b8e399ab70fea5f17e45c9"},
    {file = "charset_normalizer-3.4.3-cp313-cp313-manylinux2014_s390x.manylinux_2_17_s390x.manylinux_2_28_s390x.whl", hash = "sha256:30d006f98569de3459c2fc1f2acde170b7b2bd265dc1943e87e1a4efe1b67c31"},
    {file = "charset_normalizer-3.4.3-cp313-cp313-manylinux2014_x86_64.manylinux_2_17_x86_64.manylinux_2_28_x86_64.whl", hash = "sha256:416175faf02e4b0810f1f38bcb54682878a4af94059a1cd63b8747244420801f"},
    {file = "charset_normalizer-3.4.3-cp313-cp313-musllinux_1_2_aarch64.whl", hash = "sha256:6aab0f181c486f973bc7262a97f5aca3ee7e1437011ef0c2ec04b5a11d16c927"},
    {file = "charset_normalizer-3.4.3-cp313-cp313-musllinux_1_2_ppc64le.whl", hash = "sha256:fdabf8315679312cfa71302f9bd509ded4f2f263fb5b765cf1433b39106c3cc9"},
    {file = "charset_normalizer-3.4.3-cp313-cp313-musllinux_1_2_s390x.whl", hash = "sha256:bd28b817ea8c70215401f657edef3a8aa83c29d447fb0b622c35403780ba11d5"},
    {file = "charset_normalizer-3.4.3-cp313-cp313-musllinux_1_2_x86_64.whl", hash = "sha256:18343b2d246dc6761a249ba1fb13f9ee9a2bcd95decc767319506056ea4ad4dc"},
    {file = "charset_normalizer-3.4.3-cp313-cp313-win32.whl", hash = "sha256:6fb70de56f1859a3f71261cbe41005f56a7842cc348d3aeb26237560bfa5e0ce"},
    {file = "charset_normalizer-3.4.3-cp313-cp313-win_amd64.whl", hash = "sha256:cf1ebb7d78e1ad8ec2a8c4732c7be2e736f6e5123a4146c5b89c9d1f585f8cef"},
    {file = "charset_normalizer-3.4.3-cp314-cp314-macosx_10_13_universal2.whl", hash = "sha256:3cd35b7e8aedeb9e34c41385fda4f73ba609e561faedfae0a9e75e44ac558a15"},
    {file = "charset_normalizer-3.4.3-cp314-cp314-manylinux2014_aarch64.manylinux_2_17_aarch64.manylinux_2_28_aarch64.whl", hash = "sha256:b89bc04de1d83006373429975f8ef9e7932534b8cc9ca582e4db7d20d91816db"},
    {file = "charset_normalizer-3.4.3-cp314-cp314-manylinux2014_ppc64le.manylinux_2_17_ppc64le.manylinux_2_28_ppc64le.whl", hash = "sha256:2001a39612b241dae17b4687898843f254f8748b796a2e16f1051a17078d991d"},
    {file = "charset_normalizer-3.4.3-cp314-cp314-manylinux2014_s390x.manylinux_2_17_s390x.manylinux_2_28_s390x.whl", hash = "sha256:8dcfc373f888e4fb39a7bc57e93e3b845e7f462dacc008d9749568b1c4ece096"},
    {file = "charset_normalizer-3.4.3-cp314-cp314-manylinux2014_x86_64.manylinux_2_17_x86_64.manylinux_2_28_x86_64.whl", hash = "sha256:18b97b8404387b96cdbd30ad660f6407799126d26a39ca65729162fd810a99aa"},
    {file = "charset_normalizer-3.4.3-cp314-cp314-musllinux_1_2_aarch64.whl", hash = "sha256:ccf600859c183d70eb47e05a44cd80a4ce77394d1ac0f79dbd2dd90a69a3a049"},
    {file = "charset_normalizer-3.4.3-cp314-cp314-musllinux_1_2_ppc64le.whl", hash = "sha256:53cd68b185d98dde4ad8990e56a58dea83a4162161b1ea9272e5c9182ce415e0"},
    {file = "charset_normalizer-3.4.3-cp314-cp314-musllinux_1_2_s390x.whl", hash = "sha256:30a96e1e1f865f78b030d65241c1ee850cdf422d869e9028e2fc1d5e4db73b92"},
    {file = "charset_normalizer-3.4.3-cp314-cp314-musllinux_1_2_x86_64.whl", hash = "sha256:d716a916938e03231e86e43782ca7878fb602a125a91e7acb8b5112e2e96ac16"},
    {file = "charset_normalizer-3.4.3-cp314-cp314-win32.whl", hash = "sha256:c6dbd0ccdda3a2ba7c2ecd9d77b37f3b5831687d8dc1b6ca5f56a4880cc7b7ce"},
    {file = "charset_normalizer-3.4.3-cp314-cp314-win_amd64.whl", hash = "sha256:73dc19b562516fc9bcf6e5d6e596df0b4eb98d87e4f79f3ae71840e6ed21361c"},
    {file = "charset_normalizer-3.4.3-cp38-cp38-macosx_10_9_universal2.whl", hash = "sha256:0f2be7e0cf7754b9a30eb01f4295cc3d4358a479843b31f328afd210e2c7598c"},
    {file = "charset_normalizer-3.4.3-cp38-cp38-manylinux2014_aarch64.manylinux_2_17_aarch64.manylinux_2_28_aarch64.whl", hash = "sha256:c60e092517a73c632ec38e290eba714e9627abe9d301c8c8a12ec32c314a2a4b"},
    {file = "charset_normalizer-3.4.3-cp38-cp38-manylinux2014_ppc64le.manylinux_2_17_ppc64le.manylinux_2_28_ppc64le.whl", hash = "sha256:252098c8c7a873e17dd696ed98bbe91dbacd571da4b87df3736768efa7a792e4"},
    {file = "charset_normalizer-3.4.3-cp38-cp38-manylinux2014_s390x.manylinux_2_17_s390x.manylinux_2_28_s390x.whl", hash = "sha256:3653fad4fe3ed447a596ae8638b437f827234f01a8cd801842e43f3d0a6b281b"},
    {file = "charset_normalizer-3.4.3-cp38-cp38-manylinux2014_x86_64.manylinux_2_17_x86_64.manylinux_2_28_x86_64.whl", hash = "sha256:8999f965f922ae054125286faf9f11bc6932184b93011d138925a1773830bbe9"},
    {file = "charset_normalizer-3.4.3-cp38-cp38-musllinux_1_2_aarch64.whl", hash = "sha256:d95bfb53c211b57198bb91c46dd5a2d8018b3af446583aab40074bf7988401cb"},
    {file = "charset_normalizer-3.4.3-cp38-cp38-musllinux_1_2_ppc64le.whl", hash = "sha256:5b413b0b1bfd94dbf4023ad6945889f374cd24e3f62de58d6bb102c4d9ae534a"},
    {file = "charset_normalizer-3.4.3-cp38-cp38-musllinux_1_2_s390x.whl", hash = "sha256:b5e3b2d152e74e100a9e9573837aba24aab611d39428ded46f4e4022ea7d1942"},
    {file = "charset_normalizer-3.4.3-cp38-cp38-musllinux_1_2_x86_64.whl", hash = "sha256:a2d08ac246bb48479170408d6c19f6385fa743e7157d716e144cad849b2dd94b"},
    {file = "charset_normalizer-3.4.3-cp38-cp38-win32.whl", hash = "sha256:ec557499516fc90fd374bf2e32349a2887a876fbf162c160e3c01b6849eaf557"},
    {file = "charset_normalizer-3.4.3-cp38-cp38-win_amd64.whl", hash = "sha256:5d8d01eac18c423815ed4f4a2ec3b439d654e55ee4ad610e153cf02faf67ea40"},
    {file = "charset_normalizer-3.4.3-cp39-cp39-macosx_10_9_universal2.whl", hash = "sha256:70bfc5f2c318afece2f5838ea5e4c3febada0be750fcf4775641052bbba14d05"},
    {file = "charset_normalizer-3.4.3-cp39-cp39-manylinux2014_aarch64.manylinux_2_17_aarch64.manylinux_2_28_aarch64.whl", hash = "sha256:23b6b24d74478dc833444cbd927c338349d6ae852ba53a0d02a2de1fce45b96e"},
    {file = "charset_normalizer-3.4.3-cp39-cp39-manylinux2014_ppc64le.manylinux_2_17_ppc64le.manylinux_2_28_ppc64le.whl", hash = "sha256:34a7f768e3f985abdb42841e20e17b330ad3aaf4bb7e7aeeb73db2e70f077b99"},
    {file = "charset_normalizer-3.4.3-cp39-cp39-manylinux2014_s390x.manylinux_2_17_s390x.manylinux_2_28_s390x.whl", hash = "sha256:fb731e5deb0c7ef82d698b0f4c5bb724633ee2a489401594c5c88b02e6cb15f7"},
    {file = "charset_normalizer-3.4.3-cp39-cp39-manylinux2014_x86_64.manylinux_2_17_x86_64.manylinux_2_28_x86_64.whl", hash = "sha256:257f26fed7d7ff59921b78244f3cd93ed2af1800ff048c33f624c87475819dd7"},
    {file = "charset_normalizer-3.4.3-cp39-cp39-musllinux_1_2_aarch64.whl", hash = "sha256:1ef99f0456d3d46a50945c98de1774da86f8e992ab5c77865ea8b8195341fc19"},
    {file = "charset_normalizer-3.4.3-cp39-cp39-musllinux_1_2_ppc64le.whl", hash = "sha256:2c322db9c8c89009a990ef07c3bcc9f011a3269bc06782f916cd3d9eed7c9312"},
    {file = "charset_normalizer-3.4.3-cp39-cp39-musllinux_1_2_s390x.whl", hash = "sha256:511729f456829ef86ac41ca78c63a5cb55240ed23b4b737faca0eb1abb1c41bc"},
    {file = "charset_normalizer-3.4.3-cp39-cp39-musllinux_1_2_x86_64.whl", hash = "sha256:88ab34806dea0671532d3f82d82b85e8fc23d7b2dd12fa837978dad9bb392a34"},
    {file = "charset_normalizer-3.4.3-cp39-cp39-win32.whl", hash = "sha256:16a8770207946ac75703458e2c743631c79c59c5890c80011d536248f8eaa432"},
    {file = "charset_normalizer-3.4.3-cp39-cp39-win_amd64.whl", hash = "sha256:d22dbedd33326a4a5190dd4fe9e9e693ef12160c77382d9e87919bce54f3d4ca"},
    {file = "charset_normalizer-3.4.3-py3-none-any.whl", hash = "sha256:ce571ab16d890d23b5c278547ba694193a45011ff86a9162a71307ed9f86759a"},
    {file = "charset_normalizer-3.4.3.tar.gz", hash = "sha256:6fce4b8500244f6fcb71465d4a4930d132ba9ab8e71a7859e6a5d59851068d14"},
]

[[package]]
name = "idna"
version = "3.10"
description = "Internationalized Domain Names in Applications (IDNA)"
optional = false
python-versions = ">=3.6"
files = [
    {file = "idna-3.10-py3-none-any.whl", hash = "sha256:946d195a0d259cbba61165e88e65941f16e9b36ea6ddb97f00452bae8b1287d3"},
    {file = "idna-3.10.tar.gz", hash = "sha256:12f65c9b470abda6dc35cf8e63cc574b1c52b11df2c86030af0ac09b01b13ea9"},
]

[package.extras]
all = ["flake8 (>=7.1.1)", "mypy (>=1.11.2)", "pytest (>=8.3.2)", "ruff (>=0.6.2)"]

[[package]]
name = "markdown-it-py"
version = "4.0.0"
description = "Python port of markdown-it. Markdown parsing, done right!"
optional = false
python-versions = ">=3.10"
files = [
    {file = "markdown_it_py-4.0.0-py3-none-any.whl", hash = "sha256:87327c59b172c5011896038353a81343b6754500a08cd7a4973bb48c6d578147"},
    {file = "markdown_it_py-4.0.0.tar.gz", hash = "sha256:cb0a2b4aa34f932c007117b194e945bd74e0ec24133ceb5bac59009cda1cb9f3"},
]

[package.dependencies]
mdurl = ">=0.1,<1.0"

[package.extras]
benchmarking = ["psutil", "pytest", "pytest-benchmark"]
compare = ["commonmark (>=0.9,<1.0)", "markdown (>=3.4,<4.0)", "markdown-it-pyrs", "mistletoe (>=1.0,<2.0)", "mistune (>=3.0,<4.0)", "panflute (>=2.3,<3.0)"]
linkify = ["linkify-it-py (>=1,<3)"]
plugins = ["mdit-py-plugins (>=0.5.0)"]
profiling = ["gprof2dot"]
rtd = ["ipykernel", "jupyter_sphinx", "mdit-py-plugins (>=0.5.0)", "myst-parser", "pyyaml", "sphinx", "sphinx-book-theme (>=1.0,<2.0)", "sphinx-copybutton", "sphinx-design"]
testing = ["coverage", "pytest", "pytest-cov", "pytest-regressions", "requests"]

[[package]]
name = "mdurl"
version = "0.1.2"
description = "Markdown URL utilities"
optional = false
python-versions = ">=3.7"
files = [
    {file = "mdurl-0.1.2-py3-none-any.whl", hash = "sha256:84008a41e51615a49fc9966191ff91509e3c40b939176e643fd50a5c2196b8f8"},
    {file = "mdurl-0.1.2.tar.gz", hash = "sha256:bb413d29f5eea38f31dd4754dd7377d4465116fb207585f97bf925588687c1ba"},
]

[[package]]
name = "prompt-toolkit"
version = "3.0.51"
description = "Library for building powerful interactive command lines in Python"
optional = false
python-versions = ">=3.8"
files = [
    {file = "prompt_toolkit-3.0.51-py3-none-any.whl", hash = "sha256:52742911fde84e2d423e2f9a4cf1de7d7ac4e51958f648d9540e0fb8db077b07"},
    {file = "prompt_toolkit-3.0.51.tar.gz", hash = "sha256:931a162e3b27fc90c86f1b48bb1fb2c528c2761475e57c9c06de13311c7b54ed"},
]

[package.dependencies]
wcwidth = "*"

[[package]]
name = "pygments"
version = "2.19.2"
description = "Pygments is a syntax highlighting package written in Python."
optional = false
python-versions = ">=3.8"
files = [
    {file = "pygments-2.19.2-py3-none-any.whl", hash = "sha256:86540386c03d588bb81d44bc3928634ff26449851e99741617ecb9037ee5ec0b"},
    {file = "pygments-2.19.2.tar.gz", hash = "sha256:636cb2477cec7f8952536970bc533bc43743542f70392ae026374600add5b887"},
]

[package.extras]
windows-terminal = ["colorama (>=0.4.6)"]

[[package]]
name = "python-dotenv"
version = "1.1.1"
description = "Read key-value pairs from a .env file and set them as environment variables"
optional = false
python-versions = ">=3.9"
files = [
    {file = "python_dotenv-1.1.1-py3-none-any.whl", hash = "sha256:31f23644fe2602f88ff55e1f5c79ba497e01224ee7737937930c448e4d0e24dc"},
    {file = "python_dotenv-1.1.1.tar.gz", hash = "sha256:a8a6399716257f45be6a007360200409fce5cda2661e3dec71d23dc15f6189ab"},
]

[package.extras]
cli = ["click (>=5.0)"]

[[package]]
name = "questionary"
version = "2.1.0"
description = "Python library to build pretty command line user prompts ⭐️"
optional = false
python-versions = ">=3.8"
files = [
    {file = "questionary-2.1.0-py3-none-any.whl", hash = "sha256:44174d237b68bc828e4878c763a9ad6790ee61990e0ae72927694ead57bab8ec"},
    {file = "questionary-2.1.0.tar.gz", hash = "sha256:6302cdd645b19667d8f6e6634774e9538bfcd1aad9be287e743d96cacaf95587"},
]

[package.dependencies]
prompt_toolkit = ">=2.0,<4.0"

[[package]]
name = "rapidfuzz"
version = "3.13.0"
description = "rapid fuzzy string matching"
optional = false
python-versions = ">=3.9"
files = [
    {file = "rapidfuzz-3.13.0-cp310-cp310-macosx_10_9_x86_64.whl", hash = "sha256:aafc42a1dc5e1beeba52cd83baa41372228d6d8266f6d803c16dbabbcc156255"},
    {file = "rapidfuzz-3.13.0-cp310-cp310-macosx_11_0_arm64.whl", hash = "sha256:85c9a131a44a95f9cac2eb6e65531db014e09d89c4f18c7b1fa54979cb9ff1f3"},
    {file = "rapidfuzz-3.13.0-cp310-cp310-manylinux_2_17_aarch64.manylinux2014_aarch64.whl", hash = "sha256:7d7cec4242d30dd521ef91c0df872e14449d1dffc2a6990ede33943b0dae56c3"},
    {file = "rapidfuzz-3.13.0-cp310-cp310-manylinux_2_17_i686.manylinux2014_i686.whl", hash = "sha256:e297c09972698c95649e89121e3550cee761ca3640cd005e24aaa2619175464e"},
    {file = "rapidfuzz-3.13.0-cp310-cp310-manylinux_2_17_ppc64le.manylinux2014_ppc64le.whl", hash = "sha256:ef0f5f03f61b0e5a57b1df7beafd83df993fd5811a09871bad6038d08e526d0d"},
    {file = "rapidfuzz-3.13.0-cp310-cp310-manylinux_2_17_s390x.manylinux2014_s390x.whl", hash = "sha256:d8cf5f7cd6e4d5eb272baf6a54e182b2c237548d048e2882258336533f3f02b7"},
    {file = "rapidfuzz-3.13.0-cp310-cp310-manylinux_2_17_x86_64.manylinux2014_x86_64.whl", hash = "sha256:9256218ac8f1a957806ec2fb9a6ddfc6c32ea937c0429e88cf16362a20ed8602"},
    {file = "rapidfuzz-3.13.0-cp310-cp310-musllinux_1_2_aarch64.whl", hash = "sha256:e1bdd2e6d0c5f9706ef7595773a81ca2b40f3b33fd7f9840b726fb00c6c4eb2e"},
    {file = "rapidfuzz-3.13.0-cp310-cp310-musllinux_1_2_i686.whl", hash = "sha256:5280be8fd7e2bee5822e254fe0a5763aa0ad57054b85a32a3d9970e9b09bbcbf"},
    {file = "rapidfuzz-3.13.0-cp310-cp310-musllinux_1_2_ppc64le.whl", hash = "sha256:fd742c03885db1fce798a1cd87a20f47f144ccf26d75d52feb6f2bae3d57af05"},
    {file = "rapidfuzz-3.13.0-cp310-cp310-musllinux_1_2_s390x.whl", hash = "sha256:5435fcac94c9ecf0504bf88a8a60c55482c32e18e108d6079a0089c47f3f8cf6"},
    {file = "rapidfuzz-3.13.0-cp310-cp310-musllinux_1_2_x86_64.whl", hash = "sha256:93a755266856599be4ab6346273f192acde3102d7aa0735e2f48b456397a041f"},
    {file = "rapidfuzz-3.13.0-cp310-cp310-win32.whl", hash = "sha256:3abe6a4e8eb4cfc4cda04dd650a2dc6d2934cbdeda5def7e6fd1c20f6e7d2a0b"},
    {file = "rapidfuzz-3.13.0-cp310-cp310-win_amd64.whl", hash = "sha256:e8ddb58961401da7d6f55f185512c0d6bd24f529a637078d41dd8ffa5a49c107"},
    {file = "rapidfuzz-3.13.0-cp310-cp310-win_arm64.whl", hash = "sha256:c523620d14ebd03a8d473c89e05fa1ae152821920c3ff78b839218ff69e19ca3"},
    {file = "rapidfuzz-3.13.0-cp311-cp311-macosx_10_9_x86_64.whl", hash = "sha256:d395a5cad0c09c7f096433e5fd4224d83b53298d53499945a9b0e5a971a84f3a"},
    {file = "rapidfuzz-3.13.0-cp311-cp311-macosx_11_0_arm64.whl", hash = "sha256:b7b3eda607a019169f7187328a8d1648fb9a90265087f6903d7ee3a8eee01805"},
    {file = "rapidfuzz-3.13.0-cp311-cp311-manylinux_2_17_aarch64.manylinux2014_aarch64.whl", hash = "sha256:98e0bfa602e1942d542de077baf15d658bd9d5dcfe9b762aff791724c1c38b70"},
    {file = "rapidfuzz-3.13.0-cp311-cp311-manylinux_2_17_i686.manylinux2014_i686.whl", hash = "sha256:bef86df6d59667d9655905b02770a0c776d2853971c0773767d5ef8077acd624"},
    {file = "rapidfuzz-3.13.0-cp311-cp311-manylinux_2_17_ppc64le.manylinux2014_ppc64le.whl", hash = "sha256:fedd316c165beed6307bf754dee54d3faca2c47e1f3bcbd67595001dfa11e969"},
    {file = "rapidfuzz-3.13.0-cp311-cp311-manylinux_2_17_s390x.manylinux2014_s390x.whl", hash = "sha256:5158da7f2ec02a930be13bac53bb5903527c073c90ee37804090614cab83c29e"},
    {file = "rapidfuzz-3.13.0-cp311-cp311-manylinux_2_17_x86_64.manylinux2014_x86_64.whl", hash = "sha256:3b6f913ee4618ddb6d6f3e387b76e8ec2fc5efee313a128809fbd44e65c2bbb2"},
    {file = "rapidfuzz-3.13.0-cp311-cp311-musllinux_1_2_aarch64.whl", hash = "sha256:d25fdbce6459ccbbbf23b4b044f56fbd1158b97ac50994eaae2a1c0baae78301"},
    {file = "rapidfuzz-3.13.0-cp311-cp311-musllinux_1_2_i686.whl", hash = "sha256:25343ccc589a4579fbde832e6a1e27258bfdd7f2eb0f28cb836d6694ab8591fc"},
    {file = "rapidfuzz-3.13.0-cp311-cp311-musllinux_1_2_ppc64le.whl", hash = "sha256:a9ad1f37894e3ffb76bbab76256e8a8b789657183870be11aa64e306bb5228fd"},
    {file = "rapidfuzz-3.13.0-cp311-cp311-musllinux_1_2_s390x.whl", hash = "sha256:5dc71ef23845bb6b62d194c39a97bb30ff171389c9812d83030c1199f319098c"},
    {file = "rapidfuzz-3.13.0-cp311-cp311-musllinux_1_2_x86_64.whl", hash = "sha256:b7f4c65facdb94f44be759bbd9b6dda1fa54d0d6169cdf1a209a5ab97d311a75"},
    {file = "rapidfuzz-3.13.0-cp311-cp311-win32.whl", hash = "sha256:b5104b62711565e0ff6deab2a8f5dbf1fbe333c5155abe26d2cfd6f1849b6c87"},
    {file = "rapidfuzz-3.13.0-cp311-cp311-win_amd64.whl", hash = "sha256:9093cdeb926deb32a4887ebe6910f57fbcdbc9fbfa52252c10b56ef2efb0289f"},
    {file = "rapidfuzz-3.13.0-cp311-cp311-win_arm64.whl", hash = "sha256:f70f646751b6aa9d05be1fb40372f006cc89d6aad54e9d79ae97bd1f5fce5203"},
    {file = "rapidfuzz-3.13.0-cp312-cp312-macosx_10_13_x86_64.whl", hash = "sha256:4a1a6a906ba62f2556372282b1ef37b26bca67e3d2ea957277cfcefc6275cca7"},
    {file = "rapidfuzz-3.13.0-cp312-cp312-macosx_11_0_arm64.whl", hash = "sha256:2fd0975e015b05c79a97f38883a11236f5a24cca83aa992bd2558ceaa5652b26"},
    {file = "rapidfuzz-3.13.0-cp312-cp312-manylinux_2_17_aarch64.manylinux2014_aarch64.whl", hash = "sha256:5d4e13593d298c50c4f94ce453f757b4b398af3fa0fd2fde693c3e51195b7f69"},
    {file = "rapidfuzz-3.13.0-cp312-cp312-manylinux_2_17_i686.manylinux2014_i686.whl", hash = "sha256:ed6f416bda1c9133000009d84d9409823eb2358df0950231cc936e4bf784eb97"},
    {file = "rapidfuzz-3.13.0-cp312-cp312-manylinux_2_17_ppc64le.manylinux2014_ppc64le.whl", hash = "sha256:1dc82b6ed01acb536b94a43996a94471a218f4d89f3fdd9185ab496de4b2a981"},
    {file = "rapidfuzz-3.13.0-cp312-cp312-manylinux_2_17_s390x.manylinux2014_s390x.whl", hash = "sha256:e9d824de871daa6e443b39ff495a884931970d567eb0dfa213d234337343835f"},
    {file = "rapidfuzz-3.13.0-cp312-cp312-manylinux_2_17_x86_64.manylinux2014_x86_64.whl", hash = "sha256:2d18228a2390375cf45726ce1af9d36ff3dc1f11dce9775eae1f1b13ac6ec50f"},
    {file = "rapidfuzz-3.13.0-cp312-cp312-musllinux_1_2_aarch64.whl", hash = "sha256:9f5fe634c9482ec5d4a6692afb8c45d370ae86755e5f57aa6c50bfe4ca2bdd87"},
    {file = "rapidfuzz-3.13.0-cp312-cp312-musllinux_1_2_i686.whl", hash = "sha256:694eb531889f71022b2be86f625a4209c4049e74be9ca836919b9e395d5e33b3"},
    {file = "rapidfuzz-3.13.0-cp312-cp312-musllinux_1_2_ppc64le.whl", hash = "sha256:11b47b40650e06147dee5e51a9c9ad73bb7b86968b6f7d30e503b9f8dd1292db"},
    {file = "rapidfuzz-3.13.0-cp312-cp312-musllinux_1_2_s390x.whl", hash = "sha256:98b8107ff14f5af0243f27d236bcc6e1ef8e7e3b3c25df114e91e3a99572da73"},
    {file = "rapidfuzz-3.13.0-cp312-cp312-musllinux_1_2_x86_64.whl", hash = "sha256:b836f486dba0aceb2551e838ff3f514a38ee72b015364f739e526d720fdb823a"},
    {file = "rapidfuzz-3.13.0-cp312-cp312-win32.whl", hash = "sha256:4671ee300d1818d7bdfd8fa0608580d7778ba701817216f0c17fb29e6b972514"},
    {file = "rapidfuzz-3.13.0-cp312-cp312-win_amd64.whl", hash = "sha256:6e2065f68fb1d0bf65adc289c1bdc45ba7e464e406b319d67bb54441a1b9da9e"},
    {file = "rapidfuzz-3.13.0-cp312-cp312-win_arm64.whl", hash = "sha256:65cc97c2fc2c2fe23586599686f3b1ceeedeca8e598cfcc1b7e56dc8ca7e2aa7"},
    {file = "rapidfuzz-3.13.0-cp313-cp313-macosx_10_13_x86_64.whl", hash = "sha256:09e908064d3684c541d312bd4c7b05acb99a2c764f6231bd507d4b4b65226c23"},
    {file = "rapidfuzz-3.13.0-cp313-cp313-macosx_11_0_arm64.whl", hash = "sha256:57c390336cb50d5d3bfb0cfe1467478a15733703af61f6dffb14b1cd312a6fae"},
    {file = "rapidfuzz-3.13.0-cp313-cp313-manylinux_2_17_aarch64.manylinux2014_aarch64.whl", hash = "sha256:0da54aa8547b3c2c188db3d1c7eb4d1bb6dd80baa8cdaeaec3d1da3346ec9caa"},
    {file = "rapidfuzz-3.13.0-cp313-cp313-manylinux_2_17_i686.manylinux2014_i686.whl", hash = "sha256:df8e8c21e67afb9d7fbe18f42c6111fe155e801ab103c81109a61312927cc611"},
    {file = "rapidfuzz-3.13.0-cp313-cp313-manylinux_2_17_ppc64le.manylinux2014_ppc64le.whl", hash = "sha256:461fd13250a2adf8e90ca9a0e1e166515cbcaa5e9c3b1f37545cbbeff9e77f6b"},
    {file = "rapidfuzz-3.13.0-cp313-cp313-manylinux_2_17_s390x.manylinux2014_s390x.whl", hash = "sha256:c2b3dd5d206a12deca16870acc0d6e5036abeb70e3cad6549c294eff15591527"},
    {file = "rapidfuzz-3.13.0-cp313-cp313-manylinux_2_17_x86_64.manylinux2014_x86_64.whl", hash = "sha256:1343d745fbf4688e412d8f398c6e6d6f269db99a54456873f232ba2e7aeb4939"},
    {file = "rapidfuzz-3.13.0-cp313-cp313-musllinux_1_2_aarch64.whl", hash = "sha256:b1b065f370d54551dcc785c6f9eeb5bd517ae14c983d2784c064b3aa525896df"},
    {file = "rapidfuzz-3.13.0-cp313-cp313-musllinux_1_2_i686.whl", hash = "sha256:11b125d8edd67e767b2295eac6eb9afe0b1cdc82ea3d4b9257da4b8e06077798"},
    {file = "rapidfuzz-3.13.0-cp313-cp313-musllinux_1_2_ppc64le.whl", hash = "sha256:c33f9c841630b2bb7e69a3fb5c84a854075bb812c47620978bddc591f764da3d"},
    {file = "rapidfuzz-3.13.0-cp313-cp313-musllinux_1_2_s390x.whl", hash = "sha256:ae4574cb66cf1e85d32bb7e9ec45af5409c5b3970b7ceb8dea90168024127566"},
    {file = "rapidfuzz-3.13.0-cp313-cp313-musllinux_1_2_x86_64.whl", hash = "sha256:e05752418b24bbd411841b256344c26f57da1148c5509e34ea39c7eb5099ab72"},
    {file = "rapidfuzz-3.13.0-cp313-cp313-win32.whl", hash = "sha256:0e1d08cb884805a543f2de1f6744069495ef527e279e05370dd7c83416af83f8"},
    {file = "rapidfuzz-3.13.0-cp313-cp313-win_amd64.whl", hash = "sha256:9a7c6232be5f809cd39da30ee5d24e6cadd919831e6020ec6c2391f4c3bc9264"},
    {file = "rapidfuzz-3.13.0-cp313-cp313-win_arm64.whl", hash = "sha256:3f32f15bacd1838c929b35c84b43618481e1b3d7a61b5ed2db0291b70ae88b53"},
    {file = "rapidfuzz-3.13.0-cp39-cp39-macosx_10_9_x86_64.whl", hash = "sha256:cc64da907114d7a18b5e589057e3acaf2fec723d31c49e13fedf043592a3f6a7"},
    {file = "rapidfuzz-3.13.0-cp39-cp39-macosx_11_0_arm64.whl", hash = "sha256:4d9d7f84c8e992a8dbe5a3fdbea73d733da39bf464e62c912ac3ceba9c0cff93"},
    {file = "rapidfuzz-3.13.0-cp39-cp39-manylinux_2_17_aarch64.manylinux2014_aarch64.whl", hash = "sha256:1a79a2f07786a2070669b4b8e45bd96a01c788e7a3c218f531f3947878e0f956"},
    {file = "rapidfuzz-3.13.0-cp39-cp39-manylinux_2_17_i686.manylinux2014_i686.whl", hash = "sha256:9f338e71c45b69a482de8b11bf4a029993230760120c8c6e7c9b71760b6825a1"},
    {file = "rapidfuzz-3.13.0-cp39-cp39-manylinux_2_17_ppc64le.manylinux2014_ppc64le.whl", hash = "sha256:adb40ca8ddfcd4edd07b0713a860be32bdf632687f656963bcbce84cea04b8d8"},
    {file = "rapidfuzz-3.13.0-cp39-cp39-manylinux_2_17_s390x.manylinux2014_s390x.whl", hash = "sha256:48719f7dcf62dfb181063b60ee2d0a39d327fa8ad81b05e3e510680c44e1c078"},
    {file = "rapidfuzz-3.13.0-cp39-cp39-manylinux_2_17_x86_64.manylinux2014_x86_64.whl", hash = "sha256:9327a4577f65fc3fb712e79f78233815b8a1c94433d0c2c9f6bc5953018b3565"},
    {file = "rapidfuzz-3.13.0-cp39-cp39-musllinux_1_2_aarch64.whl", hash = "sha256:200030dfc0a1d5d6ac18e993c5097c870c97c41574e67f227300a1fb74457b1d"},
    {file = "rapidfuzz-3.13.0-cp39-cp39-musllinux_1_2_i686.whl", hash = "sha256:cc269e74cad6043cb8a46d0ce580031ab642b5930562c2bb79aa7fbf9c858d26"},
    {file = "rapidfuzz-3.13.0-cp39-cp39-musllinux_1_2_ppc64le.whl", hash = "sha256:e62779c6371bd2b21dbd1fdce89eaec2d93fd98179d36f61130b489f62294a92"},
    {file = "rapidfuzz-3.13.0-cp39-cp39-musllinux_1_2_s390x.whl", hash = "sha256:f4797f821dc5d7c2b6fc818b89f8a3f37bcc900dd9e4369e6ebf1e525efce5db"},
    {file = "rapidfuzz-3.13.0-cp39-cp39-musllinux_1_2_x86_64.whl", hash = "sha256:d21f188f6fe4fbf422e647ae9d5a68671d00218e187f91859c963d0738ccd88c"},
    {file = "rapidfuzz-3.13.0-cp39-cp39-win32.whl", hash = "sha256:45dd4628dd9c21acc5c97627dad0bb791764feea81436fb6e0a06eef4c6dceaa"},
    {file = "rapidfuzz-3.13.0-cp39-cp39-win_amd64.whl", hash = "sha256:624a108122039af89ddda1a2b7ab2a11abe60c1521956f142f5d11bcd42ef138"},
    {file = "rapidfuzz-3.13.0-cp39-cp39-win_arm64.whl", hash = "sha256:435071fd07a085ecbf4d28702a66fd2e676a03369ee497cc38bcb69a46bc77e2"},
    {file = "rapidfuzz-3.13.0-pp310-pypy310_pp73-macosx_10_15_x86_64.whl", hash = "sha256:fe5790a36d33a5d0a6a1f802aa42ecae282bf29ac6f7506d8e12510847b82a45"},
    {file = "rapidfuzz-3.13.0-pp310-pypy310_pp73-macosx_11_0_arm64.whl", hash = "sha256:cdb33ee9f8a8e4742c6b268fa6bd739024f34651a06b26913381b1413ebe7590"},
    {file = "rapidfuzz-3.13.0-pp310-pypy310_pp73-manylinux_2_17_aarch64.manylinux2014_aarch64.whl", hash = "sha256:8c99b76b93f7b495eee7dcb0d6a38fb3ce91e72e99d9f78faa5664a881cb2b7d"},
    {file = "rapidfuzz-3.13.0-pp310-pypy310_pp73-manylinux_2_17_i686.manylinux2014_i686.whl", hash = "sha256:6af42f2ede8b596a6aaf6d49fdee3066ca578f4856b85ab5c1e2145de367a12d"},
    {file = "rapidfuzz-3.13.0-pp310-pypy310_pp73-manylinux_2_17_x86_64.manylinux2014_x86_64.whl", hash = "sha256:6c0efa73afbc5b265aca0d8a467ae2a3f40d6854cbe1481cb442a62b7bf23c99"},
    {file = "rapidfuzz-3.13.0-pp310-pypy310_pp73-win_amd64.whl", hash = "sha256:7ac21489de962a4e2fc1e8f0b0da4aa1adc6ab9512fd845563fecb4b4c52093a"},
    {file = "rapidfuzz-3.13.0-pp311-pypy311_pp73-macosx_10_15_x86_64.whl", hash = "sha256:1ba007f4d35a45ee68656b2eb83b8715e11d0f90e5b9f02d615a8a321ff00c27"},
    {file = "rapidfuzz-3.13.0-pp311-pypy311_pp73-macosx_11_0_arm64.whl", hash = "sha256:d7a217310429b43be95b3b8ad7f8fc41aba341109dc91e978cd7c703f928c58f"},
    {file = "rapidfuzz-3.13.0-pp311-pypy311_pp73-manylinux_2_17_aarch64.manylinux2014_aarch64.whl", hash = "sha256:558bf526bcd777de32b7885790a95a9548ffdcce68f704a81207be4a286c1095"},
    {file = "rapidfuzz-3.13.0-pp311-pypy311_pp73-manylinux_2_17_i686.manylinux2014_i686.whl", hash = "sha256:202a87760f5145140d56153b193a797ae9338f7939eb16652dd7ff96f8faf64c"},
    {file = "rapidfuzz-3.13.0-pp311-pypy311_pp73-manylinux_2_17_x86_64.manylinux2014_x86_64.whl", hash = "sha256:cfcccc08f671646ccb1e413c773bb92e7bba789e3a1796fd49d23c12539fe2e4"},
    {file = "rapidfuzz-3.13.0-pp311-pypy311_pp73-win_amd64.whl", hash = "sha256:1f219f1e3c3194d7a7de222f54450ce12bc907862ff9a8962d83061c1f923c86"},
    {file = "rapidfuzz-3.13.0-pp39-pypy39_pp73-macosx_10_15_x86_64.whl", hash = "sha256:ccbd0e7ea1a216315f63ffdc7cd09c55f57851afc8fe59a74184cb7316c0598b"},
    {file = "rapidfuzz-3.13.0-pp39-pypy39_pp73-macosx_11_0_arm64.whl", hash = "sha256:a50856f49a4016ef56edd10caabdaf3608993f9faf1e05c3c7f4beeac46bd12a"},
    {file = "rapidfuzz-3.13.0-pp39-pypy39_pp73-manylinux_2_17_aarch64.manylinux2014_aarch64.whl", hash = "sha256:0fd05336db4d0b8348d7eaaf6fa3c517b11a56abaa5e89470ce1714e73e4aca7"},
    {file = "rapidfuzz-3.13.0-pp39-pypy39_pp73-manylinux_2_17_i686.manylinux2014_i686.whl", hash = "sha256:573ad267eb9b3f6e9b04febce5de55d8538a87c56c64bf8fd2599a48dc9d8b77"},
    {file = "rapidfuzz-3.13.0-pp39-pypy39_pp73-manylinux_2_17_x86_64.manylinux2014_x86_64.whl", hash = "sha256:30fd1451f87ccb6c2f9d18f6caa483116bbb57b5a55d04d3ddbd7b86f5b14998"},
    {file = "rapidfuzz-3.13.0-pp39-pypy39_pp73-win_amd64.whl", hash = "sha256:a6dd36d4916cf57ddb05286ed40b09d034ca5d4bca85c17be0cb6a21290597d9"},
    {file = "rapidfuzz-3.13.0.tar.gz", hash = "sha256:d2eaf3839e52cbcc0accbe9817a67b4b0fcf70aaeb229cfddc1c28061f9ce5d8"},
]

[package.extras]
all = ["numpy"]

[[package]]
name = "redis"
version = "6.4.0"
description = "Python client for Redis database and key-value store"
optional = false
python-versions = ">=3.9"
files = [
    {file = "redis-6.4.0-py3-none-any.whl", hash = "sha256:f0544fa9604264e9464cdf4814e7d4830f74b165d52f2a330a760a88dd248b7f"},
    {file = "redis-6.4.0.tar.gz", hash = "sha256:b01bc7282b8444e28ec36b261df5375183bb47a07eb9c603f284e89cbc5ef010"},
]

[package.extras]
hiredis = ["hiredis (>=3.2.0)"]
jwt = ["pyjwt (>=2.9.0)"]
ocsp = ["cryptography (>=36.0.1)", "pyopenssl (>=20.0.1)", "requests (>=2.31.0)"]

[[package]]
name = "requests"
version = "2.32.5"
description = "Python HTTP for Humans."
optional = false
python-versions = ">=3.9"
files = [
    {file = "requests-2.32.5-py3-none-any.whl", hash = "sha256:2462f94637a34fd532264295e186976db0f5d453d1cdd31473c85a6a161affb6"},
    {file = "requests-2.32.5.tar.gz", hash = "sha256:dbba0bac56e100853db0ea71b82b4dfd5fe2bf6d3754a8893c3af500cec7d7cf"},
]

[package.dependencies]
certifi = ">=2017.4.17"
charset_normalizer = ">=2,<4"
idna = ">=2.5,<4"
urllib3 = ">=1.21.1,<3"

[package.extras]
socks = ["PySocks (>=1.5.6,!=1.5.7)"]
use-chardet-on-py3 = ["chardet (>=3.0.2,<6)"]

[[package]]
name = "rich"
version = "14.1.0"
description = "Render rich text, tables, progress bars, syntax highlighting, markdown and more to the terminal"
optional = false
python-versions = ">=3.8.0"
files = [
    {file = "rich-14.1.0-py3-none-any.whl", hash = "sha256:536f5f1785986d6dbdea3c75205c473f970777b4a0d6c6dd1b696aa05a3fa04f"},
    {file = "rich-14.1.0.tar.gz", hash = "sha256:e497a48b844b0320d45007cdebfeaeed8db2a4f4bcf49f15e455cfc4af11eaa8"},
]

[package.dependencies]
markdown-it-py = ">=2.2.0"
pygments = ">=2.13.0,<3.0.0"

[package.extras]
jupyter = ["ipywidgets (>=7.5.1,<9)"]

[[package]]
name = "spotipy"
version = "2.25.1"
description = "A light weight Python library for the Spotify Web API"
optional = false
python-versions = ">3.8"
files = [
    {file = "spotipy-2.25.1-py3-none-any.whl", hash = "sha256:18f47d9a0594ced8001b3baa5a4160ea6dcf570abbdad371971f475a81892844"},
    {file = "spotipy-2.25.1.tar.gz", hash = "sha256:607d3c43722b7e217a7e6c82f17258b798b92a512017d60c06323d62ae814cd7"},
]

[package.dependencies]
redis = ">=3.5.3"
requests = ">=2.25.0"
urllib3 = ">=1.26.0"

[package.extras]
memcache = ["pymemcache (>=3.5.2)"]
test = ["autopep8 (>=2.3.2)", "flake8 (>=7.1.1)", "flake8-string-format (>=0.3.0)", "isort (>=5.13.2)"]

[[package]]
name = "urllib3"
version = "2.5.0"
description = "HTTP library with thread-safe connection pooling, file post, and more."
optional = false
python-versions = ">=3.9"
files = [
    {file = "urllib3-2.5.0-py3-none-any.whl", hash = "sha256:e6b01673c0fa6a13e374b50871808eb3bf7046c4b125b216f6bf1cc604cff0dc"},
    {file = "urllib3-2.5.0.tar.gz", hash = "sha256:3fc47733c7e419d4bc3f6b3dc2b4f890bb743906a30d56ba4a5bfa4bbff92760"},
]

[package.extras]
brotli = ["brotli (>=1.0.9)", "brotlicffi (>=0.8.0)"]
h2 = ["h2 (>=4,<5)"]
socks = ["pysocks (>=1.5.6,!=1.5.7,<2.0)"]
zstd = ["zstandard (>=0.18.0)"]

[[package]]
name = "wcwidth"
version = "0.2.13"
description = "Measures the displayed width of unicode strings in a terminal"
optional = false
python-versions = "*"
files = [
    {file = "wcwidth-0.2.13-py2.py3-none-any.whl", hash = "sha256:3da69048e4540d84af32131829ff948f1e022c1c6bdb8d6102117aac784f6859"},
    {file = "wcwidth-0.2.13.tar.gz", hash = "sha256:72ea0c06399eb286d978fdedb6923a9eb47e1c486ce63e9b4e64fc18303972b5"},
]

[[package]]
name = "ytmusicapi"
version = "1.11.0"
description = "Unofficial API for YouTube Music"
optional = false
python-versions = ">=3.10"
files = [
    {file = "ytmusicapi-1.11.0-py3-none-any.whl", hash = "sha256:2b30820ab042fa16d43a84259c2f6ebaa8b564afa882e135858acc48f2fb869b"},
    {file = "ytmusicapi-1.11.0.tar.gz", hash = "sha256:2f7620a3ee1e216c1661ff316ce42a2d69d2067f855ea900f375baf274c4799d"},
]

[package.dependencies]
requests = ">=2.22"

[metadata]
lock-version = "2.0"
python-versions = "^3.13"
content-hash = "59311284c215d88a6b1aad04a9ed84bc3980086c51ac4c62f1ef499553983239"
